// !$*UTF8*$!
{
	archiveVersion = 1;
	classes = {
	};
	objectVersion = 55;
	objects = {

/* Begin PBXBuildFile section */
		380516F32990E934002F7748 /* AppDelegate.swift in Sources */ = {isa = PBXBuildFile; fileRef = 380516F22990E934002F7748 /* AppDelegate.swift */; };
		380516F52990E934002F7748 /* SceneDelegate.swift in Sources */ = {isa = PBXBuildFile; fileRef = 380516F42990E934002F7748 /* SceneDelegate.swift */; };
		380516FC2990E935002F7748 /* Assets.xcassets in Resources */ = {isa = PBXBuildFile; fileRef = 380516FB2990E935002F7748 /* Assets.xcassets */; };
		380516FF2990E935002F7748 /* LaunchScreen.storyboard in Resources */ = {isa = PBXBuildFile; fileRef = 380516FD2990E935002F7748 /* LaunchScreen.storyboard */; };
		3805170A2990E935002F7748 /* DesignPatternTests.swift in Sources */ = {isa = PBXBuildFile; fileRef = 380517092990E935002F7748 /* DesignPatternTests.swift */; };
		380517142990E935002F7748 /* DesignPatternUITests.swift in Sources */ = {isa = PBXBuildFile; fileRef = 380517132990E935002F7748 /* DesignPatternUITests.swift */; };
		380517162990E935002F7748 /* DesignPatternUITestsLaunchTests.swift in Sources */ = {isa = PBXBuildFile; fileRef = 380517152990E935002F7748 /* DesignPatternUITestsLaunchTests.swift */; };
		380517292990EA7B002F7748 /* MySingleton.swift in Sources */ = {isa = PBXBuildFile; fileRef = 380517282990EA7B002F7748 /* MySingleton.swift */; };
		3805172E2990EAD6002F7748 /* MySingletonViewController.swift in Sources */ = {isa = PBXBuildFile; fileRef = 3805172D2990EAD6002F7748 /* MySingletonViewController.swift */; };
		380517322991FE85002F7748 /* MVCViewController.swift in Sources */ = {isa = PBXBuildFile; fileRef = 380517312991FE85002F7748 /* MVCViewController.swift */; };
		380517342991FE98002F7748 /* MVCTableViewCell.swift in Sources */ = {isa = PBXBuildFile; fileRef = 380517332991FE98002F7748 /* MVCTableViewCell.swift */; };
/* End PBXBuildFile section */

/* Begin PBXContainerItemProxy section */
		380517062990E935002F7748 /* PBXContainerItemProxy */ = {
			isa = PBXContainerItemProxy;
			containerPortal = 380516E72990E934002F7748 /* Project object */;
			proxyType = 1;
			remoteGlobalIDString = 380516EE2990E934002F7748;
			remoteInfo = DesignPattern;
		};
		380517102990E935002F7748 /* PBXContainerItemProxy */ = {
			isa = PBXContainerItemProxy;
			containerPortal = 380516E72990E934002F7748 /* Project object */;
			proxyType = 1;
			remoteGlobalIDString = 380516EE2990E934002F7748;
			remoteInfo = DesignPattern;
		};
/* End PBXContainerItemProxy section */

/* Begin PBXFileReference section */
		380516EF2990E934002F7748 /* DesignPattern.app */ = {isa = PBXFileReference; explicitFileType = wrapper.application; includeInIndex = 0; path = DesignPattern.app; sourceTree = BUILT_PRODUCTS_DIR; };
		380516F22990E934002F7748 /* AppDelegate.swift */ = {isa = PBXFileReference; lastKnownFileType = sourcecode.swift; path = AppDelegate.swift; sourceTree = "<group>"; };
		380516F42990E934002F7748 /* SceneDelegate.swift */ = {isa = PBXFileReference; lastKnownFileType = sourcecode.swift; path = SceneDelegate.swift; sourceTree = "<group>"; };
		380516FB2990E935002F7748 /* Assets.xcassets */ = {isa = PBXFileReference; lastKnownFileType = folder.assetcatalog; path = Assets.xcassets; sourceTree = "<group>"; };
		380516FE2990E935002F7748 /* Base */ = {isa = PBXFileReference; lastKnownFileType = file.storyboard; name = Base; path = Base.lproj/LaunchScreen.storyboard; sourceTree = "<group>"; };
		380517002990E935002F7748 /* Info.plist */ = {isa = PBXFileReference; lastKnownFileType = text.plist.xml; path = Info.plist; sourceTree = "<group>"; };
		380517052990E935002F7748 /* DesignPatternTests.xctest */ = {isa = PBXFileReference; explicitFileType = wrapper.cfbundle; includeInIndex = 0; path = DesignPatternTests.xctest; sourceTree = BUILT_PRODUCTS_DIR; };
		380517092990E935002F7748 /* DesignPatternTests.swift */ = {isa = PBXFileReference; lastKnownFileType = sourcecode.swift; path = DesignPatternTests.swift; sourceTree = "<group>"; };
		3805170F2990E935002F7748 /* DesignPatternUITests.xctest */ = {isa = PBXFileReference; explicitFileType = wrapper.cfbundle; includeInIndex = 0; path = DesignPatternUITests.xctest; sourceTree = BUILT_PRODUCTS_DIR; };
		380517132990E935002F7748 /* DesignPatternUITests.swift */ = {isa = PBXFileReference; lastKnownFileType = sourcecode.swift; path = DesignPatternUITests.swift; sourceTree = "<group>"; };
		380517152990E935002F7748 /* DesignPatternUITestsLaunchTests.swift */ = {isa = PBXFileReference; lastKnownFileType = sourcecode.swift; path = DesignPatternUITestsLaunchTests.swift; sourceTree = "<group>"; };
		380517282990EA7B002F7748 /* MySingleton.swift */ = {isa = PBXFileReference; lastKnownFileType = sourcecode.swift; path = MySingleton.swift; sourceTree = "<group>"; };
		3805172D2990EAD6002F7748 /* MySingletonViewController.swift */ = {isa = PBXFileReference; lastKnownFileType = sourcecode.swift; path = MySingletonViewController.swift; sourceTree = "<group>"; };
		380517312991FE85002F7748 /* MVCViewController.swift */ = {isa = PBXFileReference; lastKnownFileType = sourcecode.swift; path = MVCViewController.swift; sourceTree = "<group>"; };
		380517332991FE98002F7748 /* MVCTableViewCell.swift */ = {isa = PBXFileReference; lastKnownFileType = sourcecode.swift; path = MVCTableViewCell.swift; sourceTree = "<group>"; };
/* End PBXFileReference section */

/* Begin PBXFrameworksBuildPhase section */
		380516EC2990E934002F7748 /* Frameworks */ = {
			isa = PBXFrameworksBuildPhase;
			buildActionMask = 2147483647;
			files = (
			);
			runOnlyForDeploymentPostprocessing = 0;
		};
		380517022990E935002F7748 /* Frameworks */ = {
			isa = PBXFrameworksBuildPhase;
			buildActionMask = 2147483647;
			files = (
			);
			runOnlyForDeploymentPostprocessing = 0;
		};
		3805170C2990E935002F7748 /* Frameworks */ = {
			isa = PBXFrameworksBuildPhase;
			buildActionMask = 2147483647;
			files = (
			);
			runOnlyForDeploymentPostprocessing = 0;
		};
/* End PBXFrameworksBuildPhase section */

/* Begin PBXGroup section */
		380516E62990E934002F7748 = {
			isa = PBXGroup;
			children = (
				380516F12990E934002F7748 /* DesignPattern */,
				380517082990E935002F7748 /* DesignPatternTests */,
				380517122990E935002F7748 /* DesignPatternUITests */,
				380516F02990E934002F7748 /* Products */,
			);
			sourceTree = "<group>";
		};
		380516F02990E934002F7748 /* Products */ = {
			isa = PBXGroup;
			children = (
				380516EF2990E934002F7748 /* DesignPattern.app */,
				380517052990E935002F7748 /* DesignPatternTests.xctest */,
				3805170F2990E935002F7748 /* DesignPatternUITests.xctest */,
			);
			name = Products;
			sourceTree = "<group>";
		};
		380516F12990E934002F7748 /* DesignPattern */ = {
			isa = PBXGroup;
			children = (
				380517262990EA53002F7748 /* Patterns */,
				380517222990E9CE002F7748 /* Global */,
			);
			path = DesignPattern;
			sourceTree = "<group>";
		};
		380517082990E935002F7748 /* DesignPatternTests */ = {
			isa = PBXGroup;
			children = (
				380517092990E935002F7748 /* DesignPatternTests.swift */,
			);
			path = DesignPatternTests;
			sourceTree = "<group>";
		};
		380517122990E935002F7748 /* DesignPatternUITests */ = {
			isa = PBXGroup;
			children = (
				380517132990E935002F7748 /* DesignPatternUITests.swift */,
				380517152990E935002F7748 /* DesignPatternUITestsLaunchTests.swift */,
			);
			path = DesignPatternUITests;
			sourceTree = "<group>";
		};
		380517222990E9CE002F7748 /* Global */ = {
			isa = PBXGroup;
			children = (
				380517252990E9EF002F7748 /* Storyboard */,
				380517242990E9E4002F7748 /* Resource */,
				380517232990E9D3002F7748 /* Support */,
			);
			path = Global;
			sourceTree = "<group>";
		};
		380517232990E9D3002F7748 /* Support */ = {
			isa = PBXGroup;
			children = (
				380517002990E935002F7748 /* Info.plist */,
				380516F22990E934002F7748 /* AppDelegate.swift */,
				380516F42990E934002F7748 /* SceneDelegate.swift */,
			);
			path = Support;
			sourceTree = "<group>";
		};
		380517242990E9E4002F7748 /* Resource */ = {
			isa = PBXGroup;
			children = (
				380516FB2990E935002F7748 /* Assets.xcassets */,
			);
			path = Resource;
			sourceTree = "<group>";
		};
		380517252990E9EF002F7748 /* Storyboard */ = {
			isa = PBXGroup;
			children = (
				380516FD2990E935002F7748 /* LaunchScreen.storyboard */,
			);
			path = Storyboard;
			sourceTree = "<group>";
		};
		380517262990EA53002F7748 /* Patterns */ = {
			isa = PBXGroup;
			children = (
				3805173029910EAD002F7748 /* MVVM */,
				3805172F29910EA3002F7748 /* MVC */,
				380517272990EA61002F7748 /* Singleton */,
			);
			path = Patterns;
			sourceTree = "<group>";
		};
		380517272990EA61002F7748 /* Singleton */ = {
			isa = PBXGroup;
			children = (
				380517282990EA7B002F7748 /* MySingleton.swift */,
				3805172D2990EAD6002F7748 /* MySingletonViewController.swift */,
			);
			path = Singleton;
			sourceTree = "<group>";
		};
		3805172F29910EA3002F7748 /* MVC */ = {
			isa = PBXGroup;
			children = (
				380517312991FE85002F7748 /* MVCViewController.swift */,
				380517332991FE98002F7748 /* MVCTableViewCell.swift */,
			);
			path = MVC;
			sourceTree = "<group>";
		};
		3805173029910EAD002F7748 /* MVVM */ = {
			isa = PBXGroup;
			children = (
			);
			path = MVVM;
			sourceTree = "<group>";
		};
/* End PBXGroup section */

/* Begin PBXNativeTarget section */
		380516EE2990E934002F7748 /* DesignPattern */ = {
			isa = PBXNativeTarget;
			buildConfigurationList = 380517192990E935002F7748 /* Build configuration list for PBXNativeTarget "DesignPattern" */;
			buildPhases = (
				380516EB2990E934002F7748 /* Sources */,
				380516EC2990E934002F7748 /* Frameworks */,
				380516ED2990E934002F7748 /* Resources */,
			);
			buildRules = (
			);
			dependencies = (
			);
			name = DesignPattern;
			productName = DesignPattern;
			productReference = 380516EF2990E934002F7748 /* DesignPattern.app */;
			productType = "com.apple.product-type.application";
		};
		380517042990E935002F7748 /* DesignPatternTests */ = {
			isa = PBXNativeTarget;
			buildConfigurationList = 3805171C2990E935002F7748 /* Build configuration list for PBXNativeTarget "DesignPatternTests" */;
			buildPhases = (
				380517012990E935002F7748 /* Sources */,
				380517022990E935002F7748 /* Frameworks */,
				380517032990E935002F7748 /* Resources */,
			);
			buildRules = (
			);
			dependencies = (
				380517072990E935002F7748 /* PBXTargetDependency */,
			);
			name = DesignPatternTests;
			productName = DesignPatternTests;
			productReference = 380517052990E935002F7748 /* DesignPatternTests.xctest */;
			productType = "com.apple.product-type.bundle.unit-test";
		};
		3805170E2990E935002F7748 /* DesignPatternUITests */ = {
			isa = PBXNativeTarget;
			buildConfigurationList = 3805171F2990E935002F7748 /* Build configuration list for PBXNativeTarget "DesignPatternUITests" */;
			buildPhases = (
				3805170B2990E935002F7748 /* Sources */,
				3805170C2990E935002F7748 /* Frameworks */,
				3805170D2990E935002F7748 /* Resources */,
			);
			buildRules = (
			);
			dependencies = (
				380517112990E935002F7748 /* PBXTargetDependency */,
			);
			name = DesignPatternUITests;
			productName = DesignPatternUITests;
			productReference = 3805170F2990E935002F7748 /* DesignPatternUITests.xctest */;
			productType = "com.apple.product-type.bundle.ui-testing";
		};
/* End PBXNativeTarget section */

/* Begin PBXProject section */
		380516E72990E934002F7748 /* Project object */ = {
			isa = PBXProject;
			attributes = {
				BuildIndependentTargetsInParallel = 1;
				LastSwiftUpdateCheck = 1340;
				LastUpgradeCheck = 1340;
				TargetAttributes = {
					380516EE2990E934002F7748 = {
						CreatedOnToolsVersion = 13.4.1;
					};
					380517042990E935002F7748 = {
						CreatedOnToolsVersion = 13.4.1;
						TestTargetID = 380516EE2990E934002F7748;
					};
					3805170E2990E935002F7748 = {
						CreatedOnToolsVersion = 13.4.1;
						TestTargetID = 380516EE2990E934002F7748;
					};
				};
			};
			buildConfigurationList = 380516EA2990E934002F7748 /* Build configuration list for PBXProject "DesignPattern" */;
			compatibilityVersion = "Xcode 13.0";
			developmentRegion = en;
			hasScannedForEncodings = 0;
			knownRegions = (
				en,
				Base,
			);
			mainGroup = 380516E62990E934002F7748;
			productRefGroup = 380516F02990E934002F7748 /* Products */;
			projectDirPath = "";
			projectRoot = "";
			targets = (
				380516EE2990E934002F7748 /* DesignPattern */,
				380517042990E935002F7748 /* DesignPatternTests */,
				3805170E2990E935002F7748 /* DesignPatternUITests */,
			);
		};
/* End PBXProject section */

/* Begin PBXResourcesBuildPhase section */
		380516ED2990E934002F7748 /* Resources */ = {
			isa = PBXResourcesBuildPhase;
			buildActionMask = 2147483647;
			files = (
				380516FF2990E935002F7748 /* LaunchScreen.storyboard in Resources */,
				380516FC2990E935002F7748 /* Assets.xcassets in Resources */,
			);
			runOnlyForDeploymentPostprocessing = 0;
		};
		380517032990E935002F7748 /* Resources */ = {
			isa = PBXResourcesBuildPhase;
			buildActionMask = 2147483647;
			files = (
			);
			runOnlyForDeploymentPostprocessing = 0;
		};
		3805170D2990E935002F7748 /* Resources */ = {
			isa = PBXResourcesBuildPhase;
			buildActionMask = 2147483647;
			files = (
			);
			runOnlyForDeploymentPostprocessing = 0;
		};
/* End PBXResourcesBuildPhase section */

/* Begin PBXSourcesBuildPhase section */
		380516EB2990E934002F7748 /* Sources */ = {
			isa = PBXSourcesBuildPhase;
			buildActionMask = 2147483647;
			files = (
				380517342991FE98002F7748 /* MVCTableViewCell.swift in Sources */,
				380517322991FE85002F7748 /* MVCViewController.swift in Sources */,
				380516F32990E934002F7748 /* AppDelegate.swift in Sources */,
				380517292990EA7B002F7748 /* MySingleton.swift in Sources */,
				3805172E2990EAD6002F7748 /* MySingletonViewController.swift in Sources */,
				380516F52990E934002F7748 /* SceneDelegate.swift in Sources */,
			);
			runOnlyForDeploymentPostprocessing = 0;
		};
		380517012990E935002F7748 /* Sources */ = {
			isa = PBXSourcesBuildPhase;
			buildActionMask = 2147483647;
			files = (
				3805170A2990E935002F7748 /* DesignPatternTests.swift in Sources */,
			);
			runOnlyForDeploymentPostprocessing = 0;
		};
		3805170B2990E935002F7748 /* Sources */ = {
			isa = PBXSourcesBuildPhase;
			buildActionMask = 2147483647;
			files = (
				380517142990E935002F7748 /* DesignPatternUITests.swift in Sources */,
				380517162990E935002F7748 /* DesignPatternUITestsLaunchTests.swift in Sources */,
			);
			runOnlyForDeploymentPostprocessing = 0;
		};
/* End PBXSourcesBuildPhase section */

/* Begin PBXTargetDependency section */
		380517072990E935002F7748 /* PBXTargetDependency */ = {
			isa = PBXTargetDependency;
			target = 380516EE2990E934002F7748 /* DesignPattern */;
			targetProxy = 380517062990E935002F7748 /* PBXContainerItemProxy */;
		};
		380517112990E935002F7748 /* PBXTargetDependency */ = {
			isa = PBXTargetDependency;
			target = 380516EE2990E934002F7748 /* DesignPattern */;
			targetProxy = 380517102990E935002F7748 /* PBXContainerItemProxy */;
		};
/* End PBXTargetDependency section */

/* Begin PBXVariantGroup section */
		380516FD2990E935002F7748 /* LaunchScreen.storyboard */ = {
			isa = PBXVariantGroup;
			children = (
				380516FE2990E935002F7748 /* Base */,
			);
			name = LaunchScreen.storyboard;
			sourceTree = "<group>";
		};
/* End PBXVariantGroup section */

/* Begin XCBuildConfiguration section */
		380517172990E935002F7748 /* Debug */ = {
			isa = XCBuildConfiguration;
			buildSettings = {
				ALWAYS_SEARCH_USER_PATHS = NO;
				CLANG_ANALYZER_NONNULL = YES;
				CLANG_ANALYZER_NUMBER_OBJECT_CONVERSION = YES_AGGRESSIVE;
				CLANG_CXX_LANGUAGE_STANDARD = "gnu++17";
				CLANG_ENABLE_MODULES = YES;
				CLANG_ENABLE_OBJC_ARC = YES;
				CLANG_ENABLE_OBJC_WEAK = YES;
				CLANG_WARN_BLOCK_CAPTURE_AUTORELEASING = YES;
				CLANG_WARN_BOOL_CONVERSION = YES;
				CLANG_WARN_COMMA = YES;
				CLANG_WARN_CONSTANT_CONVERSION = YES;
				CLANG_WARN_DEPRECATED_OBJC_IMPLEMENTATIONS = YES;
				CLANG_WARN_DIRECT_OBJC_ISA_USAGE = YES_ERROR;
				CLANG_WARN_DOCUMENTATION_COMMENTS = YES;
				CLANG_WARN_EMPTY_BODY = YES;
				CLANG_WARN_ENUM_CONVERSION = YES;
				CLANG_WARN_INFINITE_RECURSION = YES;
				CLANG_WARN_INT_CONVERSION = YES;
				CLANG_WARN_NON_LITERAL_NULL_CONVERSION = YES;
				CLANG_WARN_OBJC_IMPLICIT_RETAIN_SELF = YES;
				CLANG_WARN_OBJC_LITERAL_CONVERSION = YES;
				CLANG_WARN_OBJC_ROOT_CLASS = YES_ERROR;
				CLANG_WARN_QUOTED_INCLUDE_IN_FRAMEWORK_HEADER = YES;
				CLANG_WARN_RANGE_LOOP_ANALYSIS = YES;
				CLANG_WARN_STRICT_PROTOTYPES = YES;
				CLANG_WARN_SUSPICIOUS_MOVE = YES;
				CLANG_WARN_UNGUARDED_AVAILABILITY = YES_AGGRESSIVE;
				CLANG_WARN_UNREACHABLE_CODE = YES;
				CLANG_WARN__DUPLICATE_METHOD_MATCH = YES;
				COPY_PHASE_STRIP = NO;
				DEBUG_INFORMATION_FORMAT = dwarf;
				ENABLE_STRICT_OBJC_MSGSEND = YES;
				ENABLE_TESTABILITY = YES;
				GCC_C_LANGUAGE_STANDARD = gnu11;
				GCC_DYNAMIC_NO_PIC = NO;
				GCC_NO_COMMON_BLOCKS = YES;
				GCC_OPTIMIZATION_LEVEL = 0;
				GCC_PREPROCESSOR_DEFINITIONS = (
					"DEBUG=1",
					"$(inherited)",
				);
				GCC_WARN_64_TO_32_BIT_CONVERSION = YES;
				GCC_WARN_ABOUT_RETURN_TYPE = YES_ERROR;
				GCC_WARN_UNDECLARED_SELECTOR = YES;
				GCC_WARN_UNINITIALIZED_AUTOS = YES_AGGRESSIVE;
				GCC_WARN_UNUSED_FUNCTION = YES;
				GCC_WARN_UNUSED_VARIABLE = YES;
				IPHONEOS_DEPLOYMENT_TARGET = 15.5;
				MTL_ENABLE_DEBUG_INFO = INCLUDE_SOURCE;
				MTL_FAST_MATH = YES;
				ONLY_ACTIVE_ARCH = YES;
				SDKROOT = iphoneos;
				SWIFT_ACTIVE_COMPILATION_CONDITIONS = DEBUG;
				SWIFT_OPTIMIZATION_LEVEL = "-Onone";
			};
			name = Debug;
		};
		380517182990E935002F7748 /* Release */ = {
			isa = XCBuildConfiguration;
			buildSettings = {
				ALWAYS_SEARCH_USER_PATHS = NO;
				CLANG_ANALYZER_NONNULL = YES;
				CLANG_ANALYZER_NUMBER_OBJECT_CONVERSION = YES_AGGRESSIVE;
				CLANG_CXX_LANGUAGE_STANDARD = "gnu++17";
				CLANG_ENABLE_MODULES = YES;
				CLANG_ENABLE_OBJC_ARC = YES;
				CLANG_ENABLE_OBJC_WEAK = YES;
				CLANG_WARN_BLOCK_CAPTURE_AUTORELEASING = YES;
				CLANG_WARN_BOOL_CONVERSION = YES;
				CLANG_WARN_COMMA = YES;
				CLANG_WARN_CONSTANT_CONVERSION = YES;
				CLANG_WARN_DEPRECATED_OBJC_IMPLEMENTATIONS = YES;
				CLANG_WARN_DIRECT_OBJC_ISA_USAGE = YES_ERROR;
				CLANG_WARN_DOCUMENTATION_COMMENTS = YES;
				CLANG_WARN_EMPTY_BODY = YES;
				CLANG_WARN_ENUM_CONVERSION = YES;
				CLANG_WARN_INFINITE_RECURSION = YES;
				CLANG_WARN_INT_CONVERSION = YES;
				CLANG_WARN_NON_LITERAL_NULL_CONVERSION = YES;
				CLANG_WARN_OBJC_IMPLICIT_RETAIN_SELF = YES;
				CLANG_WARN_OBJC_LITERAL_CONVERSION = YES;
				CLANG_WARN_OBJC_ROOT_CLASS = YES_ERROR;
				CLANG_WARN_QUOTED_INCLUDE_IN_FRAMEWORK_HEADER = YES;
				CLANG_WARN_RANGE_LOOP_ANALYSIS = YES;
				CLANG_WARN_STRICT_PROTOTYPES = YES;
				CLANG_WARN_SUSPICIOUS_MOVE = YES;
				CLANG_WARN_UNGUARDED_AVAILABILITY = YES_AGGRESSIVE;
				CLANG_WARN_UNREACHABLE_CODE = YES;
				CLANG_WARN__DUPLICATE_METHOD_MATCH = YES;
				COPY_PHASE_STRIP = NO;
				DEBUG_INFORMATION_FORMAT = "dwarf-with-dsym";
				ENABLE_NS_ASSERTIONS = NO;
				ENABLE_STRICT_OBJC_MSGSEND = YES;
				GCC_C_LANGUAGE_STANDARD = gnu11;
				GCC_NO_COMMON_BLOCKS = YES;
				GCC_WARN_64_TO_32_BIT_CONVERSION = YES;
				GCC_WARN_ABOUT_RETURN_TYPE = YES_ERROR;
				GCC_WARN_UNDECLARED_SELECTOR = YES;
				GCC_WARN_UNINITIALIZED_AUTOS = YES_AGGRESSIVE;
				GCC_WARN_UNUSED_FUNCTION = YES;
				GCC_WARN_UNUSED_VARIABLE = YES;
				IPHONEOS_DEPLOYMENT_TARGET = 15.5;
				MTL_ENABLE_DEBUG_INFO = NO;
				MTL_FAST_MATH = YES;
				SDKROOT = iphoneos;
				SWIFT_COMPILATION_MODE = wholemodule;
				SWIFT_OPTIMIZATION_LEVEL = "-O";
				VALIDATE_PRODUCT = YES;
			};
			name = Release;
		};
		3805171A2990E935002F7748 /* Debug */ = {
			isa = XCBuildConfiguration;
			buildSettings = {
				ASSETCATALOG_COMPILER_APPICON_NAME = AppIcon;
				ASSETCATALOG_COMPILER_GLOBAL_ACCENT_COLOR_NAME = AccentColor;
				CODE_SIGN_STYLE = Automatic;
				CURRENT_PROJECT_VERSION = 1;
				DEVELOPMENT_TEAM = 82DRSFKFS9;
				GENERATE_INFOPLIST_FILE = YES;
				INFOPLIST_FILE = DesignPattern/Global/Support/Info.plist;
				INFOPLIST_KEY_UIApplicationSupportsIndirectInputEvents = YES;
				INFOPLIST_KEY_UILaunchStoryboardName = LaunchScreen;
				INFOPLIST_KEY_UISupportedInterfaceOrientations_iPad = "UIInterfaceOrientationPortrait UIInterfaceOrientationPortraitUpsideDown UIInterfaceOrientationLandscapeLeft UIInterfaceOrientationLandscapeRight";
				INFOPLIST_KEY_UISupportedInterfaceOrientations_iPhone = "UIInterfaceOrientationPortrait UIInterfaceOrientationLandscapeLeft UIInterfaceOrientationLandscapeRight";
				LD_RUNPATH_SEARCH_PATHS = (
					"$(inherited)",
					"@executable_path/Frameworks",
				);
				MARKETING_VERSION = 1.0;
				OTHER_LDFLAGS = "";
				PRODUCT_BUNDLE_IDENTIFIER = com.jisoo.DesignPattern;
				PRODUCT_NAME = "$(TARGET_NAME)";
				SWIFT_EMIT_LOC_STRINGS = YES;
				SWIFT_VERSION = 5.0;
				TARGETED_DEVICE_FAMILY = "1,2";
			};
			name = Debug;
		};
		3805171B2990E935002F7748 /* Release */ = {
			isa = XCBuildConfiguration;
			buildSettings = {
				ASSETCATALOG_COMPILER_APPICON_NAME = AppIcon;
				ASSETCATALOG_COMPILER_GLOBAL_ACCENT_COLOR_NAME = AccentColor;
				CODE_SIGN_STYLE = Automatic;
				CURRENT_PROJECT_VERSION = 1;
				DEVELOPMENT_TEAM = 82DRSFKFS9;
				GENERATE_INFOPLIST_FILE = YES;
				INFOPLIST_FILE = DesignPattern/Global/Support/Info.plist;
				INFOPLIST_KEY_UIApplicationSupportsIndirectInputEvents = YES;
				INFOPLIST_KEY_UILaunchStoryboardName = LaunchScreen;
				INFOPLIST_KEY_UISupportedInterfaceOrientations_iPad = "UIInterfaceOrientationPortrait UIInterfaceOrientationPortraitUpsideDown UIInterfaceOrientationLandscapeLeft UIInterfaceOrientationLandscapeRight";
				INFOPLIST_KEY_UISupportedInterfaceOrientations_iPhone = "UIInterfaceOrientationPortrait UIInterfaceOrientationLandscapeLeft UIInterfaceOrientationLandscapeRight";
				LD_RUNPATH_SEARCH_PATHS = (
					"$(inherited)",
					"@executable_path/Frameworks",
				);
				MARKETING_VERSION = 1.0;
				OTHER_LDFLAGS = "";
				PRODUCT_BUNDLE_IDENTIFIER = com.jisoo.DesignPattern;
				PRODUCT_NAME = "$(TARGET_NAME)";
				SWIFT_EMIT_LOC_STRINGS = YES;
				SWIFT_VERSION = 5.0;
				TARGETED_DEVICE_FAMILY = "1,2";
			};
			name = Release;
		};
		3805171D2990E935002F7748 /* Debug */ = {
			isa = XCBuildConfiguration;
			buildSettings = {
				ALWAYS_EMBED_SWIFT_STANDARD_LIBRARIES = YES;
				BUNDLE_LOADER = "$(TEST_HOST)";
				CODE_SIGN_STYLE = Automatic;
				CURRENT_PROJECT_VERSION = 1;
				DEVELOPMENT_TEAM = 82DRSFKFS9;
				GENERATE_INFOPLIST_FILE = YES;
				IPHONEOS_DEPLOYMENT_TARGET = 15.5;
				MARKETING_VERSION = 1.0;
				PRODUCT_BUNDLE_IDENTIFIER = com.jisoo.DesignPatternTests;
				PRODUCT_NAME = "$(TARGET_NAME)";
				SWIFT_EMIT_LOC_STRINGS = NO;
				SWIFT_VERSION = 5.0;
				TARGETED_DEVICE_FAMILY = "1,2";
				TEST_HOST = "$(BUILT_PRODUCTS_DIR)/DesignPattern.app/DesignPattern";
			};
			name = Debug;
		};
		3805171E2990E935002F7748 /* Release */ = {
			isa = XCBuildConfiguration;
			buildSettings = {
				ALWAYS_EMBED_SWIFT_STANDARD_LIBRARIES = YES;
				BUNDLE_LOADER = "$(TEST_HOST)";
				CODE_SIGN_STYLE = Automatic;
				CURRENT_PROJECT_VERSION = 1;
				DEVELOPMENT_TEAM = 82DRSFKFS9;
				GENERATE_INFOPLIST_FILE = YES;
				IPHONEOS_DEPLOYMENT_TARGET = 15.5;
				MARKETING_VERSION = 1.0;
				PRODUCT_BUNDLE_IDENTIFIER = com.jisoo.DesignPatternTests;
				PRODUCT_NAME = "$(TARGET_NAME)";
				SWIFT_EMIT_LOC_STRINGS = NO;
				SWIFT_VERSION = 5.0;
				TARGETED_DEVICE_FAMILY = "1,2";
				TEST_HOST = "$(BUILT_PRODUCTS_DIR)/DesignPattern.app/DesignPattern";
			};
			name = Release;
		};
		380517202990E935002F7748 /* Debug */ = {
			isa = XCBuildConfiguration;
			buildSettings = {
				ALWAYS_EMBED_SWIFT_STANDARD_LIBRARIES = YES;
				CODE_SIGN_STYLE = Automatic;
				CURRENT_PROJECT_VERSION = 1;
				DEVELOPMENT_TEAM = 82DRSFKFS9;
				GENERATE_INFOPLIST_FILE = YES;
				MARKETING_VERSION = 1.0;
				PRODUCT_BUNDLE_IDENTIFIER = com.jisoo.DesignPatternUITests;
				PRODUCT_NAME = "$(TARGET_NAME)";
				SWIFT_EMIT_LOC_STRINGS = NO;
				SWIFT_VERSION = 5.0;
				TARGETED_DEVICE_FAMILY = "1,2";
				TEST_TARGET_NAME = DesignPattern;
			};
			name = Debug;
		};
		380517212990E935002F7748 /* Release */ = {
			isa = XCBuildConfiguration;
			buildSettings = {
				ALWAYS_EMBED_SWIFT_STANDARD_LIBRARIES = YES;
				CODE_SIGN_STYLE = Automatic;
				CURRENT_PROJECT_VERSION = 1;
				DEVELOPMENT_TEAM = 82DRSFKFS9;
				GENERATE_INFOPLIST_FILE = YES;
				MARKETING_VERSION = 1.0;
				PRODUCT_BUNDLE_IDENTIFIER = com.jisoo.DesignPatternUITests;
				PRODUCT_NAME = "$(TARGET_NAME)";
				SWIFT_EMIT_LOC_STRINGS = NO;
				SWIFT_VERSION = 5.0;
				TARGETED_DEVICE_FAMILY = "1,2";
				TEST_TARGET_NAME = DesignPattern;
			};
			name = Release;
		};
/* End XCBuildConfiguration section */

/* Begin XCConfigurationList section */
		380516EA2990E934002F7748 /* Build configuration list for PBXProject "DesignPattern" */ = {
			isa = XCConfigurationList;
			buildConfigurations = (
				380517172990E935002F7748 /* Debug */,
				380517182990E935002F7748 /* Release */,
			);
			defaultConfigurationIsVisible = 0;
			defaultConfigurationName = Release;
		};
		380517192990E935002F7748 /* Build configuration list for PBXNativeTarget "DesignPattern" */ = {
			isa = XCConfigurationList;
			buildConfigurations = (
				3805171A2990E935002F7748 /* Debug */,
				3805171B2990E935002F7748 /* Release */,
			);
			defaultConfigurationIsVisible = 0;
			defaultConfigurationName = Release;
		};
		3805171C2990E935002F7748 /* Build configuration list for PBXNativeTarget "DesignPatternTests" */ = {
			isa = XCConfigurationList;
			buildConfigurations = (
				3805171D2990E935002F7748 /* Debug */,
				3805171E2990E935002F7748 /* Release */,
			);
			defaultConfigurationIsVisible = 0;
			defaultConfigurationName = Release;
		};
		3805171F2990E935002F7748 /* Build configuration list for PBXNativeTarget "DesignPatternUITests" */ = {
			isa = XCConfigurationList;
			buildConfigurations = (
				380517202990E935002F7748 /* Debug */,
				380517212990E935002F7748 /* Release */,
			);
			defaultConfigurationIsVisible = 0;
			defaultConfigurationName = Release;
		};
/* End XCConfigurationList section */
	};
	rootObject = 380516E72990E934002F7748 /* Project object */;
}
